{
  "R": {
    "Version": "4.0.3",
    "Repositories": [
      {
        "Name": "CRAN",
        "URL": "https://cran.rstudio.com"
      }
    ]
  },
  "Packages": {
    "BH": {
      "Package": "BH",
      "Version": "1.75.0-0",
      "Source": "Repository",
      "Repository": "CRAN",
      "Hash": "e4c04affc2cac20c8fec18385cd14691"
    },
    "DT": {
      "Package": "DT",
      "Version": "0.16",
      "Source": "Repository",
      "Repository": "CRAN",
      "Hash": "acac794cc3e393ca65f916e5ced5c1d2"
    },
    "MASS": {
      "Package": "MASS",
      "Version": "7.3-53",
      "Source": "Repository",
      "Repository": "CRAN",
      "Hash": "d1bc1c8e9c0ace57ec9ffea01021d45f"
    },
    "Matrix": {
      "Package": "Matrix",
      "Version": "1.2-18",
      "Source": "Repository",
      "Repository": "CRAN",
      "Hash": "08588806cba69f04797dab50627428ed"
    },
    "R6": {
      "Package": "R6",
      "Version": "2.5.0",
      "Source": "CRAN",
      "Repository": "CRAN",
      "RemoteType": "standard",
      "RemotePkgRef": "R6",
      "RemoteRef": "R6",
      "RemoteRepos": "https://cran.rstudio.com/",
      "RemotePkgType": "windows",
      "RemoteSha": "2.5.0",
      "Hash": "b203113193e70978a696b2809525649d"
    },
    "RColorBrewer": {
      "Package": "RColorBrewer",
      "Version": "1.1-2",
      "Source": "Repository",
      "Repository": "CRAN",
      "Hash": "e031418365a7f7a766181ab5a41a5716"
    },
    "Rcpp": {
      "Package": "Rcpp",
      "Version": "1.0.7",
      "Source": "CRAN",
      "Repository": "CRAN",
      "RemoteType": "standard",
      "RemotePkgRef": "Rcpp",
      "RemoteRef": "Rcpp",
      "RemoteRepos": "https://cran.rstudio.com/",
      "RemotePkgType": "windows",
      "RemoteSha": "1.0.6",
      "Hash": "dbb5e436998a7eba5a9d682060533338"
    },
    "askpass": {
      "Package": "askpass",
      "Version": "1.1",
      "Source": "Repository",
      "Repository": "CRAN",
      "Hash": "e8a22846fff485f0be3770c2da758713"
    },
    "assertthat": {
      "Package": "assertthat",
      "Version": "0.2.1",
      "Source": "Repository",
      "Repository": "CRAN",
      "Hash": "50c838a310445e954bc13f26f26a6ecf"
    },
    "attempt": {
      "Package": "attempt",
      "Version": "0.3.1",
      "Source": "Repository",
      "Repository": "CRAN",
      "Hash": "d7421bb5dfeb2676b9e4a5a60c2fcfd2"
    },
    "backports": {
      "Package": "backports",
      "Version": "1.1.10",
      "Source": "Repository",
      "Repository": "CRAN",
      "Hash": "05ffd2d4acb51aee70f1de68ad7a6aed"
    },
    "base64enc": {
      "Package": "base64enc",
      "Version": "0.1-3",
      "Source": "Repository",
      "Repository": "CRAN",
      "Hash": "543776ae6848fde2f48ff3816d0628bc"
    },
    "brew": {
      "Package": "brew",
      "Version": "1.0-6",
      "Source": "Repository",
      "Repository": "CRAN",
      "Hash": "92a5f887f9ae3035ac7afde22ba73ee9"
    },
    "brio": {
      "Package": "brio",
      "Version": "1.1.1",
      "Source": "CRAN",
      "Repository": "CRAN",
      "RemoteType": "standard",
      "RemotePkgRef": "brio",
      "RemoteRef": "brio",
      "RemoteRepos": "https://cran.rstudio.com/",
      "RemotePkgType": "windows",
      "RemoteSha": "1.1.1",
      "Hash": "36758510e65a457efeefa50e1e7f0576"
    },
    "bslib": {
      "Package": "bslib",
      "Version": "0.2.4",
      "Source": "CRAN",
      "Repository": "CRAN",
      "RemoteType": "standard",
      "RemotePkgRef": "bslib",
      "RemoteRef": "bslib",
      "RemoteRepos": "https://cran.rstudio.com/",
      "RemotePkgType": "windows",
      "RemoteSha": "0.2.4",
      "Hash": "4830a372b241d78ed6f53731ee3023ac"
    },
    "cachem": {
      "Package": "cachem",
      "Version": "1.0.4",
      "Source": "CRAN",
      "Repository": "CRAN",
      "RemoteType": "standard",
      "RemotePkgRef": "cachem",
      "RemoteRef": "cachem",
      "RemoteRepos": "https://cran.rstudio.com/",
      "RemotePkgType": "windows",
      "RemoteSha": "1.0.4",
      "Hash": "2703a46dcabfb902f10060b2bca9f708"
    },
    "callr": {
      "Package": "callr",
      "Version": "3.5.1",
      "Source": "Repository",
      "Repository": "CRAN",
      "Hash": "b7d7f1e926dfcd57c74ce93f5c048e80"
    },
    "cellranger": {
      "Package": "cellranger",
      "Version": "1.1.0",
      "Source": "Repository",
      "Repository": "CRAN",
      "Hash": "f61dbaec772ccd2e17705c1e872e9e7c"
    },
    "checkmate": {
      "Package": "checkmate",
      "Version": "2.0.0",
      "Source": "Repository",
      "Repository": "CRAN",
      "Hash": "a667800d5f0350371bedeb8b8b950289"
    },
    "cicerone": {
      "Package": "cicerone",
      "Version": "1.0.5.9000",
      "Source": "GitHub",
      "RemoteType": "github",
      "RemoteHost": "api.github.com",
      "RemoteRepo": "cicerone",
      "RemoteUsername": "JohnCoene",
      "RemoteRef": "HEAD",
      "RemoteSha": "3b44698f1edd1de91f878bc5de9b008a3b37c0b3",
      "Hash": "262754ebb6ceab9073f7f1692e4bc00b"
    },
    "cli": {
      "Package": "cli",
      "Version": "2.3.1",
      "Source": "CRAN",
      "Repository": "CRAN",
      "RemoteType": "standard",
      "RemotePkgRef": "cli",
      "RemoteRef": "cli",
      "RemoteRepos": "https://cran.rstudio.com/",
      "RemotePkgType": "windows",
      "RemoteSha": "2.3.1",
      "Hash": "3e3f28efcadfda442cd18651fbcbbecf"
    },
    "clipr": {
      "Package": "clipr",
      "Version": "0.7.1",
      "Source": "CRAN",
      "Repository": "CRAN",
      "RemoteType": "standard",
      "RemotePkgRef": "clipr",
      "RemoteRef": "clipr",
      "RemoteRepos": "https://cran.rstudio.com/",
      "RemotePkgType": "windows",
      "RemoteSha": "0.7.1",
      "Hash": "ebaa97ac99cc2daf04e77eecc7b781d7"
    },
    "colorspace": {
      "Package": "colorspace",
      "Version": "1.4-1",
      "Source": "Repository",
      "Repository": "CRAN",
      "Hash": "6b436e95723d1f0e861224dd9b094dfb"
    },
    "commonmark": {
      "Package": "commonmark",
      "Version": "1.7",
      "Source": "Repository",
      "Repository": "CRAN",
      "Hash": "0f22be39ec1d141fd03683c06f3a6e67"
    },
    "config": {
      "Package": "config",
      "Version": "0.3.1",
      "Source": "CRAN",
      "Repository": "CRAN",
      "RemoteType": "standard",
      "RemotePkgRef": "config",
      "RemoteRef": "config",
      "RemoteRepos": "https://cran.rstudio.com/",
      "RemotePkgType": "windows",
      "RemoteSha": "0.3.1",
      "Hash": "31d77b09f63550cee9ecb5a08bf76e8f"
    },
    "covr": {
      "Package": "covr",
      "Version": "3.5.1",
      "Source": "Repository",
      "Repository": "CRAN",
      "Hash": "6d80a9fc3c0c8473153b54fa54719dfd"
    },
    "cpp11": {
      "Package": "cpp11",
      "Version": "0.2.3",
      "Source": "Repository",
      "Repository": "CRAN",
      "Hash": "f9df472593124299aef98fba2c96dfd3"
    },
    "crayon": {
      "Package": "crayon",
      "Version": "1.4.1",
      "Source": "CRAN",
      "Repository": "CRAN",
      "RemoteType": "standard",
      "RemotePkgRef": "crayon",
      "RemoteRef": "crayon",
      "RemoteRepos": "https://cran.rstudio.com/",
      "RemotePkgType": "windows",
      "RemoteSha": "1.4.1",
      "Hash": "e75525c55c70e5f4f78c9960a4b402e9"
    },
    "credentials": {
      "Package": "credentials",
      "Version": "1.3.0",
      "Source": "Repository",
      "Repository": "CRAN",
      "Hash": "a96728288c75a814c900af9da84387be"
    },
    "crosstalk": {
      "Package": "crosstalk",
      "Version": "1.1.0.1",
      "Source": "Repository",
      "Repository": "CRAN",
      "Hash": "ae55f5d7c02f0ab43c58dd050694f2b4"
    },
    "curl": {
      "Package": "curl",
      "Version": "4.3",
      "Source": "Repository",
      "Repository": "CRAN",
      "Hash": "2b7d10581cc730804e9ed178c8374bd6"
    },
    "desc": {
      "Package": "desc",
      "Version": "1.3.0",
      "Source": "CRAN",
      "Repository": "CRAN",
      "RemoteType": "standard",
      "RemotePkgRef": "desc",
      "RemoteRef": "desc",
      "RemoteRepos": "https://cran.rstudio.com/",
      "RemotePkgType": "windows",
      "RemoteSha": "1.3.0",
      "Hash": "b6963166f7f10b970af1006c462ce6cd"
    },
    "devtools": {
      "Package": "devtools",
      "Version": "2.3.2",
      "Source": "Repository",
      "Repository": "CRAN",
      "Hash": "415656f50722f5b6e6bcf80855ce11b9"
    },
    "diffobj": {
      "Package": "diffobj",
      "Version": "0.3.3",
      "Source": "Repository",
      "Repository": "CRAN",
      "Hash": "55fae7ec1418d2a47bd552571673d1af"
    },
    "digest": {
      "Package": "digest",
      "Version": "0.6.27",
      "Source": "CRAN",
      "Repository": "CRAN",
      "RemoteType": "standard",
      "RemotePkgRef": "digest",
      "RemoteRef": "digest",
      "RemoteRepos": "https://cran.rstudio.com/",
      "RemotePkgType": "windows",
      "RemoteSha": "0.6.27",
      "Hash": "a0cbe758a531d054b537d16dff4d58a1"
    },
    "dockerfiler": {
      "Package": "dockerfiler",
      "Version": "0.1.3",
      "Source": "Repository",
      "Repository": "CRAN",
      "Hash": "95d780d9cf3384d97579fc324a8d4c31"
    },
    "dplyr": {
      "Package": "dplyr",
      "Version": "1.0.2",
      "Source": "Repository",
      "Repository": "CRAN",
      "Hash": "d0509913b27ea898189ee664b6030dc2"
    },
    "ellipsis": {
      "Package": "ellipsis",
      "Version": "0.3.1",
      "Source": "Repository",
      "Repository": "CRAN",
      "Hash": "fd2844b3a43ae2d27e70ece2df1b4e2a"
    },
    "evaluate": {
      "Package": "evaluate",
      "Version": "0.14",
      "Source": "Repository",
      "Repository": "CRAN",
      "Hash": "ec8ca05cffcc70569eaaad8469d2a3a7"
    },
    "fansi": {
      "Package": "fansi",
      "Version": "0.4.2",
      "Source": "CRAN",
      "Repository": "CRAN",
      "RemoteType": "standard",
      "RemotePkgRef": "fansi",
      "RemoteRef": "fansi",
      "RemoteRepos": "https://cran.rstudio.com/",
      "RemotePkgType": "windows",
      "RemoteSha": "0.4.2",
      "Hash": "fea074fb67fe4c25d47ad09087da847d"
    },
    "farver": {
      "Package": "farver",
      "Version": "2.0.3",
      "Source": "Repository",
      "Repository": "CRAN",
      "Hash": "dad6793a5a1f73c8e91f1a1e3e834b05"
    },
    "fastmap": {
      "Package": "fastmap",
      "Version": "1.1.0",
      "Source": "CRAN",
      "Repository": "CRAN",
      "RemoteType": "standard",
      "RemotePkgRef": "fastmap",
      "RemoteRef": "fastmap",
      "RemoteRepos": "https://cran.rstudio.com/",
      "RemotePkgType": "windows",
      "RemoteSha": "1.1.0",
      "Hash": "77bd60a6157420d4ffa93b27cf6a58b8"
    },
    "fs": {
      "Package": "fs",
      "Version": "1.5.0",
      "Source": "CRAN",
      "Repository": "CRAN",
      "RemoteType": "standard",
      "RemotePkgRef": "fs",
      "RemoteRef": "fs",
      "RemoteRepos": "https://cran.rstudio.com/",
      "RemotePkgType": "windows",
      "RemoteSha": "1.5.0",
      "Hash": "44594a07a42e5f91fac9f93fda6d0109"
    },
    "gargle": {
      "Package": "gargle",
      "Version": "0.5.0",
      "Source": "Repository",
      "Repository": "CRAN",
      "Hash": "aaacaf8b0ec3dfe45df9eb6bc040db44"
    },
    "generics": {
      "Package": "generics",
      "Version": "0.0.2",
      "Source": "Repository",
      "Repository": "CRAN",
      "Hash": "b8cff1d1391fd1ad8b65877f4c7f2e53"
    },
    "gert": {
      "Package": "gert",
      "Version": "1.2.0",
      "Source": "Repository",
      "Repository": "CRAN",
      "Hash": "dcbfac00cf60125f43791a135ef68285"
    },
    "ggplot2": {
      "Package": "ggplot2",
      "Version": "3.3.2",
      "Source": "Repository",
      "Repository": "CRAN",
      "Hash": "4ded8b439797f7b1693bd3d238d0106b"
    },
    "gh": {
      "Package": "gh",
      "Version": "1.2.0",
      "Source": "Repository",
      "Repository": "CRAN",
      "Hash": "05129b4387282404780d2f8593636388"
    },
    "gitcreds": {
      "Package": "gitcreds",
      "Version": "0.1.1",
      "Source": "Repository",
      "Repository": "CRAN",
      "Hash": "f3aefccc1cc50de6338146b62f115de8"
    },
    "glue": {
      "Package": "glue",
      "Version": "1.4.2",
      "Source": "CRAN",
      "Repository": "CRAN",
      "RemoteType": "standard",
      "RemotePkgRef": "glue",
      "RemoteRef": "glue",
      "RemoteRepos": "https://cran.rstudio.com/",
      "RemotePkgType": "windows",
      "RemoteSha": "1.4.2",
      "Hash": "6efd734b14c6471cfe443345f3e35e29"
    },
    "golem": {
      "Package": "golem",
      "Version": "0.3.1",
      "Source": "Repository",
      "Repository": "CRAN",
      "Hash": "0eaf594de1dcbcd37c6d79806d57b473"
    },
    "googledrive": {
      "Package": "googledrive",
      "Version": "1.0.1",
      "Source": "Repository",
      "Repository": "CRAN",
      "Hash": "79ba5d18133290a69b7c135dc3dfef1a"
    },
    "googlesheets4": {
      "Package": "googlesheets4",
      "Version": "0.2.0",
      "Source": "Repository",
      "Repository": "CRAN",
      "Hash": "36ed3c9b1f0bbcd574d2769b625f80fb"
    },
    "gt": {
      "Package": "gt",
      "Version": "0.2.2",
      "Source": "Repository",
      "Repository": "CRAN",
      "Hash": "4eb28493ed31ff8f5f240d0fb5929ecb"
    },
    "gtable": {
      "Package": "gtable",
      "Version": "0.3.0",
      "Source": "Repository",
      "Repository": "CRAN",
      "Hash": "ac5c6baf7822ce8732b343f14c072c4d"
    },
    "here": {
      "Package": "here",
      "Version": "1.0.1",
      "Source": "CRAN",
      "Repository": "CRAN",
      "RemoteType": "standard",
      "RemotePkgRef": "here",
      "RemoteRef": "here",
      "RemoteRepos": "https://cran.rstudio.com/",
      "RemotePkgType": "windows",
      "RemoteSha": "1.0.1",
      "Hash": "24b224366f9c2e7534d2344d10d59211"
    },
    "highr": {
      "Package": "highr",
      "Version": "0.8",
      "Source": "Repository",
      "Repository": "CRAN",
      "Hash": "4dc5bb88961e347a0f4d8aad597cbfac"
    },
    "htmltools": {
      "Package": "htmltools",
      "Version": "0.5.1.1",
      "Source": "CRAN",
      "Repository": "CRAN",
      "RemoteType": "standard",
      "RemotePkgRef": "htmltools",
      "RemoteRef": "htmltools",
      "RemoteRepos": "https://cran.rstudio.com/",
      "RemotePkgType": "windows",
      "RemoteSha": "0.5.1.1",
      "Hash": "af2c2531e55df5cf230c4b5444fc973c"
    },
    "htmlwidgets": {
      "Package": "htmlwidgets",
      "Version": "1.5.2",
      "Source": "Repository",
      "Repository": "CRAN",
      "Hash": "0aaf56b7960bb066646e1868cadcaf07"
    },
    "httpuv": {
      "Package": "httpuv",
      "Version": "1.6.3",
      "Source": "CRAN",
      "Repository": "CRAN",
      "RemoteType": "standard",
      "RemotePkgRef": "httpuv",
      "RemoteRef": "httpuv",
      "RemoteRepos": "https://cran.rstudio.com/",
      "RemotePkgType": "windows",
      "RemoteSha": "1.5.5",
      "Hash": "b9d5d39be2150cf86538b8488334b8f8"
    },
    "httr": {
      "Package": "httr",
      "Version": "1.4.2",
      "Source": "Repository",
      "Repository": "CRAN",
      "Hash": "a525aba14184fec243f9eaec62fbed43"
    },
    "hunspell": {
      "Package": "hunspell",
      "Version": "3.0.1",
      "Source": "CRAN",
      "Repository": "CRAN",
      "RemoteType": "standard",
      "RemotePkgRef": "hunspell",
      "RemoteRef": "hunspell",
      "RemoteRepos": "https://cran.rstudio.com/",
      "RemotePkgType": "windows",
      "RemoteSha": "3.0.1",
      "Hash": "3987784c19192ad0f2261c456d936df1"
    },
    "ids": {
      "Package": "ids",
      "Version": "1.0.1",
      "Source": "Repository",
      "Repository": "CRAN",
      "Hash": "99df65cfef20e525ed38c3d2577f7190"
    },
    "ini": {
      "Package": "ini",
      "Version": "0.3.1",
      "Source": "Repository",
      "Repository": "CRAN",
      "Hash": "6154ec2223172bce8162d4153cda21f7"
    },
    "isoband": {
      "Package": "isoband",
      "Version": "0.2.2",
      "Source": "Repository",
      "Repository": "CRAN",
      "Hash": "6e58bd3d6b3dd82a944cd6f05ade228f"
    },
    "jquerylib": {
      "Package": "jquerylib",
      "Version": "0.1.3",
      "Source": "CRAN",
      "Repository": "CRAN",
      "RemoteType": "standard",
      "RemotePkgRef": "jquerylib",
      "RemoteRef": "jquerylib",
      "RemoteRepos": "https://cran.rstudio.com/",
      "RemotePkgType": "windows",
      "RemoteSha": "0.1.3",
      "Hash": "5ff50b36f7f0832f8421745af333e73c"
    },
    "jsonlite": {
      "Package": "jsonlite",
      "Version": "1.7.2",
      "Source": "CRAN",
      "Repository": "CRAN",
      "RemoteType": "standard",
      "RemotePkgRef": "jsonlite",
      "RemoteRef": "jsonlite",
      "RemoteRepos": "https://cran.rstudio.com/",
      "RemotePkgType": "windows",
      "RemoteSha": "1.7.2",
      "Hash": "98138e0994d41508c7a6b84a0600cfcb"
    },
    "knitr": {
      "Package": "knitr",
      "Version": "1.31",
      "Source": "CRAN",
      "Repository": "CRAN",
      "RemoteType": "standard",
      "RemotePkgRef": "knitr",
      "RemoteRef": "knitr",
      "RemoteRepos": "https://cran.rstudio.com/",
      "RemotePkgType": "windows",
      "RemoteSha": "1.31",
      "Hash": "c3994c036d19fc22c5e2a209c8298bfb"
    },
    "labeling": {
      "Package": "labeling",
      "Version": "0.3",
      "Source": "Repository",
      "Repository": "CRAN",
      "Hash": "73832978c1de350df58108c745ed0e3e"
    },
    "later": {
      "Package": "later",
      "Version": "1.1.0.1",
      "Source": "CRAN",
      "Repository": "CRAN",
      "RemoteType": "standard",
      "RemotePkgRef": "later",
      "RemoteRef": "later",
      "RemoteRepos": "https://cran.rstudio.com/",
      "RemotePkgType": "windows",
      "RemoteSha": "1.1.0.1",
      "Hash": "d0a62b247165aabf397fded504660d8a"
    },
    "lattice": {
      "Package": "lattice",
      "Version": "0.20-41",
      "Source": "Repository",
      "Repository": "CRAN",
      "Hash": "fbd9285028b0263d76d18c95ae51a53d"
    },
    "lazyeval": {
      "Package": "lazyeval",
      "Version": "0.2.2",
      "Source": "Repository",
      "Repository": "CRAN",
      "Hash": "d908914ae53b04d4c0c0fd72ecc35370"
    },
    "lifecycle": {
      "Package": "lifecycle",
      "Version": "1.0.0",
      "Source": "CRAN",
      "Repository": "CRAN",
      "RemoteType": "standard",
      "RemotePkgRef": "lifecycle",
      "RemoteRef": "lifecycle",
      "RemoteRepos": "https://cran.rstudio.com/",
      "RemotePkgType": "windows",
      "RemoteSha": "1.0.0",
      "Hash": "3471fb65971f1a7b2d4ae7848cf2db8d"
    },
    "lubridate": {
      "Package": "lubridate",
      "Version": "1.7.9",
      "Source": "Repository",
      "Repository": "CRAN",
      "Hash": "fc1c91e2e8d9e1fc932e75aa1ed989b7"
    },
    "magrittr": {
      "Package": "magrittr",
      "Version": "2.0.1",
      "Source": "CRAN",
      "Repository": "CRAN",
      "RemoteType": "standard",
      "RemotePkgRef": "magrittr",
      "RemoteRef": "magrittr",
      "RemoteRepos": "https://cran.rstudio.com/",
      "RemotePkgType": "windows",
      "RemoteSha": "2.0.1",
      "Hash": "41287f1ac7d28a92f0a286ed507928d3"
    },
    "markdown": {
      "Package": "markdown",
      "Version": "1.1",
      "Source": "Repository",
      "Repository": "CRAN",
      "Hash": "61e4a10781dd00d7d81dd06ca9b94e95"
    },
    "measurements": {
      "Package": "measurements",
      "Version": "1.4.0",
      "Source": "CRAN",
      "Repository": "CRAN",
      "RemoteType": "standard",
      "RemoteRef": "measurements",
      "RemoteRepos": "https://cran.rstudio.com/",
      "RemotePkgType": "macos",
      "RemoteSha": "1.4.0",
      "Hash": "7d491085f997665f4e9f9735b9110979"
    },
    "memoise": {
      "Package": "memoise",
      "Version": "2.0.0",
      "Source": "Repository",
      "Repository": "CRAN",
      "Hash": "a0bc51650201a56d00a4798523cc91b3"
    },
    "mgcv": {
      "Package": "mgcv",
      "Version": "1.8-33",
      "Source": "Repository",
      "Repository": "CRAN",
      "Hash": "eb7b6439bc6d812eed2cddba5edc6be3"
    },
    "mime": {
      "Package": "mime",
      "Version": "0.10",
      "Source": "CRAN",
      "Repository": "CRAN",
      "RemoteType": "standard",
      "RemotePkgRef": "mime",
      "RemoteRef": "mime",
      "RemoteRepos": "https://cran.rstudio.com/",
      "RemotePkgType": "windows",
      "RemoteSha": "0.10",
      "Hash": "26fa77e707223e1ce042b2b5d09993dc"
    },
    "munsell": {
      "Package": "munsell",
      "Version": "0.5.0",
      "Source": "Repository",
      "Repository": "CRAN",
      "Hash": "6dfe8bf774944bd5595785e3229d8771"
    },
    "nlme": {
      "Package": "nlme",
      "Version": "3.1-149",
      "Source": "Repository",
      "Repository": "CRAN",
      "Hash": "7c24ab3a1e3afe50388eb2d893aab255"
    },
    "openssl": {
      "Package": "openssl",
      "Version": "1.4.3",
      "Source": "CRAN",
      "Repository": "CRAN",
      "RemoteType": "standard",
      "RemotePkgRef": "openssl",
      "RemoteRef": "openssl",
      "RemoteRepos": "https://cran.rstudio.com/",
      "RemotePkgType": "windows",
      "RemoteSha": "1.4.3",
      "Hash": "a399e4773075fc2375b71f45fca186c4"
    },
    "packrat": {
      "Package": "packrat",
      "Version": "0.5.0",
      "Source": "Repository",
      "Repository": "CRAN",
      "Hash": "2ebd34a38f4248281096cc723535b66d"
    },
    "parsedate": {
      "Package": "parsedate",
      "Version": "1.2.0",
      "Source": "Repository",
      "Repository": "CRAN",
      "Hash": "9ab1426429ad716b42088a0fd8e909ee"
    },
    "pillar": {
      "Package": "pillar",
      "Version": "1.5.1",
      "Source": "CRAN",
      "Repository": "CRAN",
      "RemoteType": "standard",
      "RemotePkgRef": "pillar",
      "RemoteRef": "pillar",
      "RemoteRepos": "https://cran.rstudio.com/",
      "RemotePkgType": "windows",
      "RemoteSha": "1.5.1",
      "Hash": "24622aa4a0d3de3463c34513edca99b2"
    },
    "pkgbuild": {
      "Package": "pkgbuild",
      "Version": "1.2.0",
      "Source": "CRAN",
      "Repository": "CRAN",
      "RemoteType": "standard",
      "RemotePkgRef": "pkgbuild",
      "RemoteRef": "pkgbuild",
      "RemoteRepos": "https://cran.rstudio.com/",
      "RemotePkgType": "windows",
      "RemoteSha": "1.2.0",
      "Hash": "725fcc30222d4d11ec68efb8ff11a9af"
    },
    "pkgconfig": {
      "Package": "pkgconfig",
      "Version": "2.0.3",
      "Source": "Repository",
      "Repository": "CRAN",
      "Hash": "01f28d4278f15c76cddbea05899c5d6f"
    },
    "pkgload": {
      "Package": "pkgload",
      "Version": "1.2.0",
      "Source": "CRAN",
      "Repository": "CRAN",
      "RemoteType": "standard",
      "RemotePkgRef": "pkgload",
      "RemoteRef": "pkgload",
      "RemoteRepos": "https://cran.rstudio.com/",
      "RemotePkgType": "windows",
      "RemoteSha": "1.2.0",
      "Hash": "cb57de933545960a86f03513e4bd2911"
    },
    "plyr": {
      "Package": "plyr",
      "Version": "1.8.6",
      "Source": "Repository",
      "Repository": "CRAN",
      "Hash": "ec0e5ab4e5f851f6ef32cd1d1984957f"
    },
    "praise": {
      "Package": "praise",
      "Version": "1.0.0",
      "Source": "Repository",
      "Repository": "CRAN",
      "Hash": "a555924add98c99d2f411e37e7d25e9f"
    },
    "prettyunits": {
      "Package": "prettyunits",
      "Version": "1.1.1",
      "Source": "Repository",
      "Repository": "CRAN",
      "Hash": "95ef9167b75dde9d2ccc3c7528393e7e"
    },
    "processx": {
      "Package": "processx",
      "Version": "3.4.5",
      "Source": "Repository",
      "Repository": "CRAN",
      "Hash": "22aab6098cb14edd0a5973a8438b569b"
    },
    "promises": {
      "Package": "promises",
      "Version": "1.2.0.1",
      "Source": "CRAN",
      "Repository": "CRAN",
      "RemoteType": "standard",
      "RemotePkgRef": "promises",
      "RemoteRef": "promises",
      "RemoteRepos": "https://cran.rstudio.com/",
      "RemotePkgType": "windows",
      "RemoteSha": "1.2.0.1",
      "Hash": "4ab2c43adb4d4699cf3690acd378d75d"
    },
    "ps": {
      "Package": "ps",
      "Version": "1.6.0",
      "Source": "CRAN",
      "Repository": "CRAN",
      "RemoteType": "standard",
      "RemotePkgRef": "ps",
      "RemoteRef": "ps",
      "RemoteRepos": "https://cran.rstudio.com/",
      "RemotePkgType": "windows",
      "RemoteSha": "1.6.0",
      "Hash": "32620e2001c1dce1af49c49dccbb9420"
    },
    "purrr": {
      "Package": "purrr",
      "Version": "0.3.4",
      "Source": "Repository",
      "Repository": "CRAN",
      "Hash": "97def703420c8ab10d8f0e6c72101e02"
    },
    "rappdirs": {
      "Package": "rappdirs",
      "Version": "0.3.3",
      "Source": "CRAN",
      "Repository": "CRAN",
      "RemoteType": "standard",
      "RemotePkgRef": "rappdirs",
      "RemoteRef": "rappdirs",
      "RemoteRepos": "https://cran.rstudio.com/",
      "RemotePkgType": "windows",
      "RemoteSha": "0.3.3",
      "Hash": "5e3c5dc0b071b21fa128676560dbe94d"
    },
    "rcmdcheck": {
      "Package": "rcmdcheck",
      "Version": "1.3.3",
      "Source": "Repository",
      "Repository": "CRAN",
      "Hash": "ed95895886dab6d2a584da45503555da"
    },
    "rematch": {
      "Package": "rematch",
      "Version": "1.0.1",
      "Source": "Repository",
      "Repository": "CRAN",
      "Hash": "c66b930d20bb6d858cd18e1cebcfae5c"
    },
    "rematch2": {
      "Package": "rematch2",
      "Version": "2.1.2",
      "Source": "Repository",
      "Repository": "CRAN",
      "Hash": "76c9e04c712a05848ae7a23d2f170a40"
    },
    "remotes": {
      "Package": "remotes",
      "Version": "2.2.0",
      "Source": "Repository",
      "Repository": "CRAN",
      "Hash": "430a0908aee75b1fcba0e62857cab0ce"
    },
    "renv": {
      "Package": "renv",
      "Version": "0.13.2",
      "Source": "CRAN",
      "Repository": "CRAN",
      "RemoteType": "standard",
      "RemoteRef": "renv",
      "RemoteRepos": "https://cran.rstudio.com/",
      "RemotePkgType": "macos",
      "RemoteSha": "0.13.2",
      "Hash": "079cb1f03ff972b30401ed05623cbe92"
    },
    "rex": {
      "Package": "rex",
      "Version": "1.2.0",
      "Source": "Repository",
      "Repository": "CRAN",
      "Hash": "093584b944440c5cd07a696b3c8e0e4c"
    },
    "rhub": {
      "Package": "rhub",
      "Version": "1.1.1",
      "Source": "Repository",
      "Repository": "CRAN",
      "Hash": "977cce19c029acc6d88a1c861f224819"
    },
    "rlang": {
      "Package": "rlang",
      "Version": "0.4.10",
      "Source": "Repository",
      "Repository": "CRAN",
      "Hash": "599df23c40a4fce9c7b4764f28c37857"
    },
    "rmarkdown": {
      "Package": "rmarkdown",
      "Version": "2.4",
      "Source": "Repository",
      "Repository": "CRAN",
      "Hash": "ec8febc2bd653b754d5b03c9d4b996bb"
    },
    "roxygen2": {
      "Package": "roxygen2",
      "Version": "7.1.1",
      "Source": "Repository",
      "Repository": "CRAN",
      "Hash": "fcd94e00cc409b25d07ca50f7bf339f5"
    },
    "rprojroot": {
      "Package": "rprojroot",
      "Version": "2.0.2",
      "Source": "CRAN",
      "Repository": "CRAN",
      "RemoteType": "standard",
      "RemotePkgRef": "rprojroot",
      "RemoteRef": "rprojroot",
      "RemoteRepos": "https://cran.rstudio.com/",
      "RemotePkgType": "windows",
      "RemoteSha": "2.0.2",
      "Hash": "249d8cd1e74a8f6a26194a91b47f21d1"
    },
    "rsconnect": {
      "Package": "rsconnect",
      "Version": "0.8.16",
      "Source": "Repository",
      "Repository": "CRAN",
      "Hash": "3924a1c20ce2479e89a08b0ca4c936c6"
    },
    "rstudioapi": {
      "Package": "rstudioapi",
      "Version": "0.13",
      "Source": "CRAN",
      "Repository": "CRAN",
      "RemoteType": "standard",
      "RemotePkgRef": "rstudioapi",
      "RemoteRef": "rstudioapi",
      "RemoteRepos": "https://cran.rstudio.com/",
      "RemotePkgType": "windows",
      "RemoteSha": "0.13",
      "Hash": "06c85365a03fdaf699966cc1d3cf53ea"
    },
    "rversions": {
      "Package": "rversions",
      "Version": "2.0.2",
      "Source": "Repository",
      "Repository": "CRAN",
      "Hash": "0ec41191f744d0f5afad8c6f35cc36e4"
    },
    "sass": {
      "Package": "sass",
      "Version": "0.4.0",
      "Source": "CRAN",
      "Repository": "CRAN",
      "RemoteType": "standard",
      "RemotePkgRef": "sass",
      "RemoteRef": "sass",
      "RemoteRepos": "https://cran.rstudio.com/",
      "RemotePkgType": "windows",
      "RemoteSha": "0.3.1",
      "Hash": "3ef1adfe46b7b144b970d74ce33ab0d6"
    },
    "scales": {
      "Package": "scales",
      "Version": "1.1.1",
      "Source": "Repository",
      "Repository": "CRAN",
      "Hash": "6f76f71042411426ec8df6c54f34e6dd"
    },
    "sessioninfo": {
      "Package": "sessioninfo",
      "Version": "1.1.1",
      "Source": "Repository",
      "Repository": "CRAN",
      "Hash": "308013098befe37484df72c39cf90d6e"
    },
    "sever": {
      "Package": "sever",
      "Version": "0.0.6",
      "Source": "Repository",
      "Repository": "CRAN",
      "Hash": "1e71b4ae94e1604b17af699b1a467e19"
    },
    "shiny": {
      "Package": "shiny",
      "Version": "1.6.0",
      "Source": "CRAN",
      "Repository": "CRAN",
      "RemoteType": "standard",
      "RemotePkgRef": "shiny",
      "RemoteRef": "shiny",
      "RemoteRepos": "https://cran.rstudio.com/",
      "RemotePkgType": "windows",
      "RemoteSha": "1.6.0",
      "Hash": "6e3b6ae7fe02b5859e4bb277f218b8ae"
    },
    "shinyjs": {
      "Package": "shinyjs",
      "Version": "2.0.0",
      "Source": "Repository",
      "Repository": "CRAN",
      "Hash": "9ddfc91d4280eaa34c2103951538976f"
    },
    "sourcetools": {
      "Package": "sourcetools",
      "Version": "0.1.7",
      "Source": "Repository",
      "Repository": "CRAN",
      "Hash": "947e4e02a79effa5d512473e10f41797"
    },
    "spelling": {
      "Package": "spelling",
      "Version": "2.2",
      "Source": "Repository",
      "Repository": "CRAN",
      "Hash": "b8c899a5c83f0d897286550481c91798"
    },
    "stringi": {
      "Package": "stringi",
      "Version": "1.5.3",
      "Source": "CRAN",
      "Repository": "CRAN",
      "RemoteType": "standard",
      "RemotePkgRef": "stringi",
      "RemoteRef": "stringi",
      "RemoteRepos": "https://cran.rstudio.com/",
      "RemotePkgType": "windows",
      "RemoteSha": "1.5.3",
      "Hash": "a063ebea753c92910a4cca7b18bc1f05"
    },
    "stringr": {
      "Package": "stringr",
      "Version": "1.4.0",
      "Source": "Repository",
      "Repository": "CRAN",
      "Hash": "0759e6b6c0957edb1311028a49a35e76"
    },
    "sys": {
      "Package": "sys",
      "Version": "3.4",
      "Source": "CRAN",
      "Repository": "CRAN",
      "RemoteType": "standard",
      "RemotePkgRef": "sys",
      "RemoteRef": "sys",
      "RemoteRepos": "https://cran.rstudio.com/",
      "RemotePkgType": "windows",
      "RemoteSha": "3.4",
      "Hash": "b227d13e29222b4574486cfcbde077fa"
    },
    "testthat": {
      "Package": "testthat",
      "Version": "3.0.2",
      "Source": "CRAN",
      "Repository": "CRAN",
      "RemoteType": "standard",
      "RemotePkgRef": "testthat",
      "RemoteRef": "testthat",
      "RemoteRepos": "https://cran.rstudio.com/",
      "RemotePkgType": "windows",
      "RemoteSha": "3.0.2",
      "Hash": "495e0434d9305716b6a87031570ce109"
    },
    "tibble": {
      "Package": "tibble",
      "Version": "3.1.0",
      "Source": "CRAN",
      "Repository": "CRAN",
      "RemoteType": "standard",
      "RemotePkgRef": "tibble",
      "RemoteRef": "tibble",
      "RemoteRepos": "https://cran.rstudio.com/",
      "RemotePkgType": "windows",
      "RemoteSha": "3.1.0",
      "Hash": "4d894a114dbd4ecafeda5074e7c538e6"
    },
    "tidyr": {
      "Package": "tidyr",
      "Version": "1.1.2",
      "Source": "Repository",
      "Repository": "CRAN",
      "Hash": "c40b2d5824d829190f4b825f4496dfae"
    },
    "tidyselect": {
      "Package": "tidyselect",
      "Version": "1.1.0",
      "Source": "Repository",
      "Repository": "CRAN",
      "Hash": "6ea435c354e8448819627cf686f66e0a"
    },
    "tinytex": {
      "Package": "tinytex",
      "Version": "0.26",
      "Source": "Repository",
      "Repository": "CRAN",
      "Hash": "db6477efcfbffcd9b3758c3c2882cf58"
    },
    "tippy": {
      "Package": "tippy",
      "Version": "0.1.0",
      "Source": "Repository",
      "Repository": "CRAN",
      "Hash": "39b1d69229e30314e7cba023c777f52d"
    },
    "usethis": {
      "Package": "usethis",
      "Version": "2.0.1",
      "Source": "Repository",
      "Repository": "CRAN",
      "Hash": "360e904f9e623286e1a0c6ca0a98c5f6"
    },
    "utf8": {
      "Package": "utf8",
      "Version": "1.1.4",
      "Source": "Repository",
      "Repository": "CRAN",
      "Hash": "4a5081acfb7b81a572e4384a7aaf2af1"
    },
    "uuid": {
      "Package": "uuid",
      "Version": "0.1-4",
      "Source": "Repository",
      "Repository": "CRAN",
      "Hash": "e4169eb989a5d03ccb6b628cad1b1b50"
    },
    "vctrs": {
      "Package": "vctrs",
      "Version": "0.3.4",
      "Source": "Repository",
      "Repository": "CRAN",
      "Hash": "0bc90078aeee42f2520b1d0a33bd6758"
    },
    "viridisLite": {
      "Package": "viridisLite",
      "Version": "0.3.0",
      "Source": "Repository",
      "Repository": "CRAN",
      "Hash": "ce4f6271baa94776db692f1cb2055bee"
    },
    "waiter": {
      "Package": "waiter",
      "Version": "0.2.0",
      "Source": "Repository",
      "Repository": "CRAN",
      "Hash": "58bd688fb765cf778b633df0e2502003"
    },
    "waldo": {
      "Package": "waldo",
      "Version": "0.2.4",
      "Source": "Repository",
      "Repository": "CRAN",
      "Hash": "29df52c781e572c967f90de9713423c4"
    },
    "whisker": {
      "Package": "whisker",
      "Version": "0.4",
      "Source": "Repository",
      "Repository": "CRAN",
      "Hash": "ca970b96d894e90397ed20637a0c1bbe"
    },
    "whoami": {
      "Package": "whoami",
      "Version": "1.3.0",
      "Source": "Repository",
      "Repository": "CRAN",
      "Hash": "ef0f4d9b8f2cc2ebeccae1d725b8a023"
    },
    "withr": {
      "Package": "withr",
      "Version": "2.4.2",
      "Source": "Repository",
      "Repository": "CRAN",
      "Hash": "ad03909b44677f930fa156d47d7a3aeb"
    },
    "xfun": {
      "Package": "xfun",
      "Version": "0.21",
      "Source": "Repository",
      "Repository": "CRAN",
      "Hash": "f3ddcca198959a42e8cb6b06c30d4f1e"
    },
    "xml2": {
      "Package": "xml2",
      "Version": "1.3.2",
      "Source": "Repository",
      "Repository": "CRAN",
      "Hash": "d4d71a75dd3ea9eb5fa28cc21f9585e2"
    },
    "xopen": {
      "Package": "xopen",
      "Version": "1.0.0",
      "Source": "Repository",
      "Repository": "CRAN",
      "Hash": "6c85f015dee9cc7710ddd20f86881f58"
    },
    "xtable": {
      "Package": "xtable",
      "Version": "1.8-4",
      "Source": "Repository",
      "Repository": "CRAN",
      "Hash": "b8acdf8af494d9ec19ccb2481a9b11c2"
    },
    "yaml": {
      "Package": "yaml",
      "Version": "2.2.1",
      "Source": "Repository",
      "Repository": "CRAN",
      "Hash": "2826c5d9efb0a88f657c7a679c7106db"
    },
    "zip": {
      "Package": "zip",
      "Version": "2.1.1",
      "Source": "Repository",
      "Repository": "CRAN",
      "Hash": "3bc8405c637d988801ec5ea88372d0c2"
    }
  }
}
